// !$*UTF8*$!
{
	archiveVersion = 1;
	classes = {
	};
	objectVersion = 50;
	objects = {

/* Begin PBXBuildFile section */
		44274BD920D9F11600F2EA9B /* AppDelegate.swift in Sources */ = {isa = PBXBuildFile; fileRef = 44274BD820D9F11600F2EA9B /* AppDelegate.swift */; };
		44274BDB20D9F11600F2EA9B /* ViewController.swift in Sources */ = {isa = PBXBuildFile; fileRef = 44274BDA20D9F11600F2EA9B /* ViewController.swift */; };
		44274BDE20D9F11600F2EA9B /* Main.storyboard in Resources */ = {isa = PBXBuildFile; fileRef = 44274BDC20D9F11600F2EA9B /* Main.storyboard */; };
		44274BE020D9F11700F2EA9B /* Assets.xcassets in Resources */ = {isa = PBXBuildFile; fileRef = 44274BDF20D9F11700F2EA9B /* Assets.xcassets */; };
		44274BE320D9F11700F2EA9B /* LaunchScreen.storyboard in Resources */ = {isa = PBXBuildFile; fileRef = 44274BE120D9F11700F2EA9B /* LaunchScreen.storyboard */; };
		44274BF120D9F81B00F2EA9B /* ProcessBarView.swift in Sources */ = {isa = PBXBuildFile; fileRef = 44274BF020D9F81B00F2EA9B /* ProcessBarView.swift */; };
/* End PBXBuildFile section */

/* Begin PBXFileReference section */
		44274BD520D9F11600F2EA9B /* ProcessBar.app */ = {isa = PBXFileReference; explicitFileType = wrapper.application; includeInIndex = 0; path = ProcessBar.app; sourceTree = BUILT_PRODUCTS_DIR; };
		44274BD820D9F11600F2EA9B /* AppDelegate.swift */ = {isa = PBXFileReference; lastKnownFileType = sourcecode.swift; path = AppDelegate.swift; sourceTree = "<group>"; };
		44274BDA20D9F11600F2EA9B /* ViewController.swift */ = {isa = PBXFileReference; lastKnownFileType = sourcecode.swift; path = ViewController.swift; sourceTree = "<group>"; };
		44274BDD20D9F11600F2EA9B /* Base */ = {isa = PBXFileReference; lastKnownFileType = file.storyboard; name = Base; path = Base.lproj/Main.storyboard; sourceTree = "<group>"; };
		44274BDF20D9F11700F2EA9B /* Assets.xcassets */ = {isa = PBXFileReference; lastKnownFileType = folder.assetcatalog; path = Assets.xcassets; sourceTree = "<group>"; };
		44274BE220D9F11700F2EA9B /* Base */ = {isa = PBXFileReference; lastKnownFileType = file.storyboard; name = Base; path = Base.lproj/LaunchScreen.storyboard; sourceTree = "<group>"; };
		44274BE420D9F11700F2EA9B /* Info.plist */ = {isa = PBXFileReference; lastKnownFileType = text.plist.xml; path = Info.plist; sourceTree = "<group>"; };
		44274BF020D9F81B00F2EA9B /* ProcessBarView.swift */ = {isa = PBXFileReference; lastKnownFileType = sourcecode.swift; path = ProcessBarView.swift; sourceTree = "<group>"; };
/* End PBXFileReference section */

/* Begin PBXFrameworksBuildPhase section */
		44274BD220D9F11600F2EA9B /* Frameworks */ = {
			isa = PBXFrameworksBuildPhase;
			buildActionMask = 2147483647;
			files = (
			);
			runOnlyForDeploymentPostprocessing = 0;
		};
/* End PBXFrameworksBuildPhase section */

/* Begin PBXGroup section */
		44274BCC20D9F11600F2EA9B = {
			isa = PBXGroup;
			children = (
				44274BD720D9F11600F2EA9B /* ProcessBar */,
				44274BD620D9F11600F2EA9B /* Products */,
			);
			sourceTree = "<group>";
		};
		44274BD620D9F11600F2EA9B /* Products */ = {
			isa = PBXGroup;
			children = (
				44274BD520D9F11600F2EA9B /* ProcessBar.app */,
			);
			name = Products;
			sourceTree = "<group>";
		};
		44274BD720D9F11600F2EA9B /* ProcessBar */ = {
			isa = PBXGroup;
			children = (
				44274BD820D9F11600F2EA9B /* AppDelegate.swift */,
				44274BDA20D9F11600F2EA9B /* ViewController.swift */,
				44274BF020D9F81B00F2EA9B /* ProcessBarView.swift */,
				44274BDC20D9F11600F2EA9B /* Main.storyboard */,
				44274BDF20D9F11700F2EA9B /* Assets.xcassets */,
				44274BE120D9F11700F2EA9B /* LaunchScreen.storyboard */,
				44274BE420D9F11700F2EA9B /* Info.plist */,
			);
			path = ProcessBar;
			sourceTree = "<group>";
		};
/* End PBXGroup section */

/* Begin PBXNativeTarget section */
		44274BD420D9F11600F2EA9B /* ProcessBar */ = {
			isa = PBXNativeTarget;
			buildConfigurationList = 44274BE720D9F11700F2EA9B /* Build configuration list for PBXNativeTarget "ProcessBar" */;
			buildPhases = (
				44274BD120D9F11600F2EA9B /* Sources */,
				44274BD220D9F11600F2EA9B /* Frameworks */,
				44274BD320D9F11600F2EA9B /* Resources */,
			);
			buildRules = (
			);
			dependencies = (
			);
			name = ProcessBar;
			productName = ProcessBar;
			productReference = 44274BD520D9F11600F2EA9B /* ProcessBar.app */;
			productType = "com.apple.product-type.application";
		};
/* End PBXNativeTarget section */

/* Begin PBXProject section */
		44274BCD20D9F11600F2EA9B /* Project object */ = {
			isa = PBXProject;
			attributes = {
				LastSwiftUpdateCheck = 0930;
				LastUpgradeCheck = 0930;
				ORGANIZATIONNAME = "Thuy Truong Quang";
				TargetAttributes = {
					44274BD420D9F11600F2EA9B = {
						CreatedOnToolsVersion = 9.3;
					};
				};
			};
			buildConfigurationList = 44274BD020D9F11600F2EA9B /* Build configuration list for PBXProject "ProcessBar" */;
			compatibilityVersion = "Xcode 9.3";
			developmentRegion = en;
			hasScannedForEncodings = 0;
			knownRegions = (
				en,
				Base,
			);
			mainGroup = 44274BCC20D9F11600F2EA9B;
			productRefGroup = 44274BD620D9F11600F2EA9B /* Products */;
			projectDirPath = "";
			projectRoot = "";
			targets = (
				44274BD420D9F11600F2EA9B /* ProcessBar */,
			);
		};
/* End PBXProject section */

/* Begin PBXResourcesBuildPhase section */
		44274BD320D9F11600F2EA9B /* Resources */ = {
			isa = PBXResourcesBuildPhase;
			buildActionMask = 2147483647;
			files = (
				44274BE320D9F11700F2EA9B /* LaunchScreen.storyboard in Resources */,
				44274BE020D9F11700F2EA9B /* Assets.xcassets in Resources */,
				44274BDE20D9F11600F2EA9B /* Main.storyboard in Resources */,
			);
			runOnlyForDeploymentPostprocessing = 0;
		};
/* End PBXResourcesBuildPhase section */

/* Begin PBXSourcesBuildPhase section */
		44274BD120D9F11600F2EA9B /* Sources */ = {
			isa = PBXSourcesBuildPhase;
			buildActionMask = 2147483647;
			files = (
				44274BDB20D9F11600F2EA9B /* ViewController.swift in Sources */,
				44274BF120D9F81B00F2EA9B /* ProcessBarView.swift in Sources */,
				44274BD920D9F11600F2EA9B /* AppDelegate.swift in Sources */,
			);
			runOnlyForDeploymentPostprocessing = 0;
		};
/* End PBXSourcesBuildPhase section */

/* Begin PBXVariantGroup section */
		44274BDC20D9F11600F2EA9B /* Main.storyboard */ = {
			isa = PBXVariantGroup;
			children = (
				44274BDD20D9F11600F2EA9B /* Base */,
			);
			name = Main.storyboard;
			sourceTree = "<group>";
		};
		44274BE120D9F11700F2EA9B /* LaunchScreen.storyboard */ = {
			isa = PBXVariantGroup;
			children = (
				44274BE220D9F11700F2EA9B /* Base */,
			);
			name = LaunchScreen.storyboard;
			sourceTree = "<group>";
		};
/* End PBXVariantGroup section */

/* Begin XCBuildConfiguration section */
		44274BE520D9F11700F2EA9B /* Debug */ = {
			isa = XCBuildConfiguration;
			buildSettings = {
				ALWAYS_SEARCH_USER_PATHS = NO;
				CLANG_ANALYZER_NONNULL = YES;
				CLANG_ANALYZER_NUMBER_OBJECT_CONVERSION = YES_AGGRESSIVE;
				CLANG_CXX_LANGUAGE_STANDARD = "gnu++14";
				CLANG_CXX_LIBRARY = "libc++";
				CLANG_ENABLE_MODULES = YES;
				CLANG_ENABLE_OBJC_ARC = YES;
				CLANG_ENABLE_OBJC_WEAK = YES;
				CLANG_WARN_BLOCK_CAPTURE_AUTORELEASING = YES;
				CLANG_WARN_BOOL_CONVERSION = YES;
				CLANG_WARN_COMMA = YES;
				CLANG_WARN_CONSTANT_CONVERSION = YES;
				CLANG_WARN_DEPRECATED_OBJC_IMPLEMENTATIONS = YES;
				CLANG_WARN_DIRECT_OBJC_ISA_USAGE = YES_ERROR;
				CLANG_WARN_DOCUMENTATION_COMMENTS = YES;
				CLANG_WARN_EMPTY_BODY = YES;
				CLANG_WARN_ENUM_CONVERSION = YES;
				CLANG_WARN_INFINITE_RECURSION = YES;
				CLANG_WARN_INT_CONVERSION = YES;
				CLANG_WARN_NON_LITERAL_NULL_CONVERSION = YES;
				CLANG_WARN_OBJC_IMPLICIT_RETAIN_SELF = YES;
				CLANG_WARN_OBJC_LITERAL_CONVERSION = YES;
				CLANG_WARN_OBJC_ROOT_CLASS = YES_ERROR;
				CLANG_WARN_RANGE_LOOP_ANALYSIS = YES;
				CLANG_WARN_STRICT_PROTOTYPES = YES;
				CLANG_WARN_SUSPICIOUS_MOVE = YES;
				CLANG_WARN_UNGUARDED_AVAILABILITY = YES_AGGRESSIVE;
				CLANG_WARN_UNREACHABLE_CODE = YES;
				CLANG_WARN__DUPLICATE_METHOD_MATCH = YES;
				CODE_SIGN_IDENTITY = "iPhone Developer";
				COPY_PHASE_STRIP = NO;
				DEBUG_INFORMATION_FORMAT = dwarf;
				ENABLE_STRICT_OBJC_MSGSEND = YES;
				ENABLE_TESTABILITY = YES;
				GCC_C_LANGUAGE_STANDARD = gnu11;
				GCC_DYNAMIC_NO_PIC = NO;
				GCC_NO_COMMON_BLOCKS = YES;
				GCC_OPTIMIZATION_LEVEL = 0;
				GCC_PREPROCESSOR_DEFINITIONS = (
					"DEBUG=1",
					"$(inherited)",
				);
				GCC_WARN_64_TO_32_BIT_CONVERSION = YES;
				GCC_WARN_ABOUT_RETURN_TYPE = YES_ERROR;
				GCC_WARN_UNDECLARED_SELECTOR = YES;
				GCC_WARN_UNINITIALIZED_AUTOS = YES_AGGRESSIVE;
				GCC_WARN_UNUSED_FUNCTION = YES;
				GCC_WARN_UNUSED_VARIABLE = YES;
				IPHONEOS_DEPLOYMENT_TARGET = 11.3;
				MTL_ENABLE_DEBUG_INFO = YES;
				ONLY_ACTIVE_ARCH = YES;
				SDKROOT = iphoneos;
				SWIFT_ACTIVE_COMPILATION_CONDITIONS = DEBUG;
				SWIFT_OPTIMIZATION_LEVEL = "-Onone";
			};
			name = Debug;
		};
		44274BE620D9F11700F2EA9B /* Release */ = {
			isa = XCBuildConfiguration;
			buildSettings = {
				ALWAYS_SEARCH_USER_PATHS = NO;
				CLANG_ANALYZER_NONNULL = YES;
				CLANG_ANALYZER_NUMBER_OBJECT_CONVERSION = YES_AGGRESSIVE;
				CLANG_CXX_LANGUAGE_STANDARD = "gnu++14";
				CLANG_CXX_LIBRARY = "libc++";
				CLANG_ENABLE_MODULES = YES;
				CLANG_ENABLE_OBJC_ARC = YES;
				CLANG_ENABLE_OBJC_WEAK = YES;
				CLANG_WARN_BLOCK_CAPTURE_AUTORELEASING = YES;
				CLANG_WARN_BOOL_CONVERSION = YES;
				CLANG_WARN_COMMA = YES;
				CLANG_WARN_CONSTANT_CONVERSION = YES;
				CLANG_WARN_DEPRECATED_OBJC_IMPLEMENTATIONS = YES;
				CLANG_WARN_DIRECT_OBJC_ISA_USAGE = YES_ERROR;
				CLANG_WARN_DOCUMENTATION_COMMENTS = YES;
				CLANG_WARN_EMPTY_BODY = YES;
				CLANG_WARN_ENUM_CONVERSION = YES;
				CLANG_WARN_INFINITE_RECURSION = YES;
				CLANG_WARN_INT_CONVERSION = YES;
				CLANG_WARN_NON_LITERAL_NULL_CONVERSION = YES;
				CLANG_WARN_OBJC_IMPLICIT_RETAIN_SELF = YES;
				CLANG_WARN_OBJC_LITERAL_CONVERSION = YES;
				CLANG_WARN_OBJC_ROOT_CLASS = YES_ERROR;
				CLANG_WARN_RANGE_LOOP_ANALYSIS = YES;
				CLANG_WARN_STRICT_PROTOTYPES = YES;
				CLANG_WARN_SUSPICIOUS_MOVE = YES;
				CLANG_WARN_UNGUARDED_AVAILABILITY = YES_AGGRESSIVE;
				CLANG_WARN_UNREACHABLE_CODE = YES;
				CLANG_WARN__DUPLICATE_METHOD_MATCH = YES;
				CODE_SIGN_IDENTITY = "iPhone Developer";
				COPY_PHASE_STRIP = NO;
				DEBUG_INFORMATION_FORMAT = "dwarf-with-dsym";
				ENABLE_NS_ASSERTIONS = NO;
				ENABLE_STRICT_OBJC_MSGSEND = YES;
				GCC_C_LANGUAGE_STANDARD = gnu11;
				GCC_NO_COMMON_BLOCKS = YES;
				GCC_WARN_64_TO_32_BIT_CONVERSION = YES;
				GCC_WARN_ABOUT_RETURN_TYPE = YES_ERROR;
				GCC_WARN_UNDECLARED_SELECTOR = YES;
				GCC_WARN_UNINITIALIZED_AUTOS = YES_AGGRESSIVE;
				GCC_WARN_UNUSED_FUNCTION = YES;
				GCC_WARN_UNUSED_VARIABLE = YES;
				IPHONEOS_DEPLOYMENT_TARGET = 11.3;
				MTL_ENABLE_DEBUG_INFO = NO;
				SDKROOT = iphoneos;
				SWIFT_COMPILATION_MODE = wholemodule;
				SWIFT_OPTIMIZATION_LEVEL = "-O";
				VALIDATE_PRODUCT = YES;
			};
			name = Release;
		};
		44274BE820D9F11700F2EA9B /* Debug */ = {
			isa = XCBuildConfiguration;
			buildSettings = {
				ASSETCATALOG_COMPILER_APPICON_NAME = AppIcon;
				CODE_SIGN_STYLE = Automatic;
				INFOPLIST_FILE = ProcessBar/Info.plist;
				LD_RUNPATH_SEARCH_PATHS = (
					"$(inherited)",
					"@executable_path/Frameworks",
				);
				PRODUCT_BUNDLE_IDENTIFIER = ThuyTQ.ProcessBar;
				PRODUCT_NAME = "$(TARGET_NAME)";
				SWIFT_VERSION = 4.0;
				TARGETED_DEVICE_FAMILY = "1,2";
			};
			name = Debug;
		};
		44274BE920D9F11700F2EA9B /* Release */ = {
			isa = XCBuildConfiguration;
			buildSettings = {
				ASSETCATALOG_COMPILER_APPICON_NAME = AppIcon;
				CODE_SIGN_STYLE = Automatic;
				INFOPLIST_FILE = ProcessBar/Info.plist;
				LD_RUNPATH_SEARCH_PATHS = (
					"$(inherited)",
					"@executable_path/Frameworks",
				);
				PRODUCT_BUNDLE_IDENTIFIER = ThuyTQ.ProcessBar;
				PRODUCT_NAME = "$(TARGET_NAME)";
				SWIFT_VERSION = 4.0;
				TARGETED_DEVICE_FAMILY = "1,2";
			};
			name = Release;
		};
/* End XCBuildConfiguration section */

/* Begin XCConfigurationList section */
		44274BD020D9F11600F2EA9B /* Build configuration list for PBXProject "ProcessBar" */ = {
			isa = XCConfigurationList;
			buildConfigurations = (
				44274BE520D9F11700F2EA9B /* Debug */,
				44274BE620D9F11700F2EA9B /* Release */,
			);
			defaultConfigurationIsVisible = 0;
			defaultConfigurationName = Release;
		};
		44274BE720D9F11700F2EA9B /* Build configuration list for PBXNativeTarget "ProcessBar" */ = {
			isa = XCConfigurationList;
			buildConfigurations = (
				44274BE820D9F11700F2EA9B /* Debug */,
				44274BE920D9F11700F2EA9B /* Release */,
			);
			defaultConfigurationIsVisible = 0;
			defaultConfigurationName = Release;
		};
/* End XCConfigurationList section */
	};
	rootObject = 44274BCD20D9F11600F2EA9B /* Project object */;
}
