// !$*UTF8*$!
{
	archiveVersion = 1;
	classes = {
	};
	objectVersion = 50;
	objects = {

/* Begin PBXBuildFile section */
		BECB31EF217F594F004503D1 /* AppDelegate.swift in Sources */ = {isa = PBXBuildFile; fileRef = BECB31EE217F594F004503D1 /* AppDelegate.swift */; };
		BECB31F1217F594F004503D1 /* ViewController.swift in Sources */ = {isa = PBXBuildFile; fileRef = BECB31F0217F594F004503D1 /* ViewController.swift */; };
		BECB31F4217F594F004503D1 /* Main.storyboard in Resources */ = {isa = PBXBuildFile; fileRef = BECB31F2217F594F004503D1 /* Main.storyboard */; };
		BECB31F7217F594F004503D1 /* SCJ.xcdatamodeld in Sources */ = {isa = PBXBuildFile; fileRef = BECB31F5217F594F004503D1 /* SCJ.xcdatamodeld */; };
		BECB31F9217F5952004503D1 /* Assets.xcassets in Resources */ = {isa = PBXBuildFile; fileRef = BECB31F8217F5952004503D1 /* Assets.xcassets */; };
		BECB31FC217F5952004503D1 /* LaunchScreen.storyboard in Resources */ = {isa = PBXBuildFile; fileRef = BECB31FA217F5952004503D1 /* LaunchScreen.storyboard */; };
		BECC7048218031E6003E5AB4 /* DataServices.swift in Sources */ = {isa = PBXBuildFile; fileRef = BECC7047218031E6003E5AB4 /* DataServices.swift */; };
/* End PBXBuildFile section */

/* Begin PBXFileReference section */
		BECB31EB217F594F004503D1 /* SCJ.app */ = {isa = PBXFileReference; explicitFileType = wrapper.application; includeInIndex = 0; path = SCJ.app; sourceTree = BUILT_PRODUCTS_DIR; };
		BECB31EE217F594F004503D1 /* AppDelegate.swift */ = {isa = PBXFileReference; lastKnownFileType = sourcecode.swift; path = AppDelegate.swift; sourceTree = "<group>"; };
		BECB31F0217F594F004503D1 /* ViewController.swift */ = {isa = PBXFileReference; lastKnownFileType = sourcecode.swift; path = ViewController.swift; sourceTree = "<group>"; };
		BECB31F3217F594F004503D1 /* Base */ = {isa = PBXFileReference; lastKnownFileType = file.storyboard; name = Base; path = Base.lproj/Main.storyboard; sourceTree = "<group>"; };
		BECB31F6217F594F004503D1 /* SCJ.xcdatamodel */ = {isa = PBXFileReference; lastKnownFileType = wrapper.xcdatamodel; path = SCJ.xcdatamodel; sourceTree = "<group>"; };
		BECB31F8217F5952004503D1 /* Assets.xcassets */ = {isa = PBXFileReference; lastKnownFileType = folder.assetcatalog; path = Assets.xcassets; sourceTree = "<group>"; };
		BECB31FB217F5952004503D1 /* Base */ = {isa = PBXFileReference; lastKnownFileType = file.storyboard; name = Base; path = Base.lproj/LaunchScreen.storyboard; sourceTree = "<group>"; };
		BECB31FD217F5952004503D1 /* Info.plist */ = {isa = PBXFileReference; lastKnownFileType = text.plist.xml; path = Info.plist; sourceTree = "<group>"; };
		BECC7047218031E6003E5AB4 /* DataServices.swift */ = {isa = PBXFileReference; lastKnownFileType = sourcecode.swift; path = DataServices.swift; sourceTree = "<group>"; };
/* End PBXFileReference section */

/* Begin PBXFrameworksBuildPhase section */
		BECB31E8217F594F004503D1 /* Frameworks */ = {
			isa = PBXFrameworksBuildPhase;
			buildActionMask = 2147483647;
			files = (
			);
			runOnlyForDeploymentPostprocessing = 0;
		};
/* End PBXFrameworksBuildPhase section */

/* Begin PBXGroup section */
		BECB31E2217F594F004503D1 = {
			isa = PBXGroup;
			children = (
				BECB31ED217F594F004503D1 /* SCJ */,
				BECB31EC217F594F004503D1 /* Products */,
			);
			sourceTree = "<group>";
		};
		BECB31EC217F594F004503D1 /* Products */ = {
			isa = PBXGroup;
			children = (
				BECB31EB217F594F004503D1 /* SCJ.app */,
			);
			name = Products;
			sourceTree = "<group>";
		};
		BECB31ED217F594F004503D1 /* SCJ */ = {
			isa = PBXGroup;
			children = (
				BECB31EE217F594F004503D1 /* AppDelegate.swift */,
				BECB31F0217F594F004503D1 /* ViewController.swift */,
				BECC7047218031E6003E5AB4 /* DataServices.swift */,
				BECB31F2217F594F004503D1 /* Main.storyboard */,
				BECB31F8217F5952004503D1 /* Assets.xcassets */,
				BECB31FA217F5952004503D1 /* LaunchScreen.storyboard */,
				BECB31FD217F5952004503D1 /* Info.plist */,
				BECB31F5217F594F004503D1 /* SCJ.xcdatamodeld */,
			);
			path = SCJ;
			sourceTree = "<group>";
		};
/* End PBXGroup section */

/* Begin PBXNativeTarget section */
		BECB31EA217F594F004503D1 /* SCJ */ = {
			isa = PBXNativeTarget;
			buildConfigurationList = BECB3200217F5952004503D1 /* Build configuration list for PBXNativeTarget "SCJ" */;
			buildPhases = (
				BECB31E7217F594F004503D1 /* Sources */,
				BECB31E8217F594F004503D1 /* Frameworks */,
				BECB31E9217F594F004503D1 /* Resources */,
			);
			buildRules = (
			);
			dependencies = (
			);
			name = SCJ;
			productName = SCJ;
			productReference = BECB31EB217F594F004503D1 /* SCJ.app */;
			productType = "com.apple.product-type.application";
		};
/* End PBXNativeTarget section */

/* Begin PBXProject section */
		BECB31E3217F594F004503D1 /* Project object */ = {
			isa = PBXProject;
			attributes = {
				LastSwiftUpdateCheck = 1000;
				LastUpgradeCheck = 1000;
				ORGANIZATIONNAME = "Trinh Bao Son";
				TargetAttributes = {
					BECB31EA217F594F004503D1 = {
						CreatedOnToolsVersion = 10.0;
					};
				};
			};
			buildConfigurationList = BECB31E6217F594F004503D1 /* Build configuration list for PBXProject "SCJ" */;
			compatibilityVersion = "Xcode 9.3";
			developmentRegion = en;
			hasScannedForEncodings = 0;
			knownRegions = (
				en,
				Base,
			);
			mainGroup = BECB31E2217F594F004503D1;
			productRefGroup = BECB31EC217F594F004503D1 /* Products */;
			projectDirPath = "";
			projectRoot = "";
			targets = (
				BECB31EA217F594F004503D1 /* SCJ */,
			);
		};
/* End PBXProject section */

/* Begin PBXResourcesBuildPhase section */
		BECB31E9217F594F004503D1 /* Resources */ = {
			isa = PBXResourcesBuildPhase;
			buildActionMask = 2147483647;
			files = (
				BECB31FC217F5952004503D1 /* LaunchScreen.storyboard in Resources */,
				BECB31F9217F5952004503D1 /* Assets.xcassets in Resources */,
				BECB31F4217F594F004503D1 /* Main.storyboard in Resources */,
			);
			runOnlyForDeploymentPostprocessing = 0;
		};
/* End PBXResourcesBuildPhase section */

/* Begin PBXSourcesBuildPhase section */
		BECB31E7217F594F004503D1 /* Sources */ = {
			isa = PBXSourcesBuildPhase;
			buildActionMask = 2147483647;
			files = (
				BECB31F1217F594F004503D1 /* ViewController.swift in Sources */,
				BECB31F7217F594F004503D1 /* SCJ.xcdatamodeld in Sources */,
				BECB31EF217F594F004503D1 /* AppDelegate.swift in Sources */,
				BECC7048218031E6003E5AB4 /* DataServices.swift in Sources */,
			);
			runOnlyForDeploymentPostprocessing = 0;
		};
/* End PBXSourcesBuildPhase section */

/* Begin PBXVariantGroup section */
		BECB31F2217F594F004503D1 /* Main.storyboard */ = {
			isa = PBXVariantGroup;
			children = (
				BECB31F3217F594F004503D1 /* Base */,
			);
			name = Main.storyboard;
			sourceTree = "<group>";
		};
		BECB31FA217F5952004503D1 /* LaunchScreen.storyboard */ = {
			isa = PBXVariantGroup;
			children = (
				BECB31FB217F5952004503D1 /* Base */,
			);
			name = LaunchScreen.storyboard;
			sourceTree = "<group>";
		};
/* End PBXVariantGroup section */

/* Begin XCBuildConfiguration section */
		BECB31FE217F5952004503D1 /* Debug */ = {
			isa = XCBuildConfiguration;
			buildSettings = {
				ALWAYS_SEARCH_USER_PATHS = NO;
				CLANG_ANALYZER_NONNULL = YES;
				CLANG_ANALYZER_NUMBER_OBJECT_CONVERSION = YES_AGGRESSIVE;
				CLANG_CXX_LANGUAGE_STANDARD = "gnu++14";
				CLANG_CXX_LIBRARY = "libc++";
				CLANG_ENABLE_MODULES = YES;
				CLANG_ENABLE_OBJC_ARC = YES;
				CLANG_ENABLE_OBJC_WEAK = YES;
				CLANG_WARN_BLOCK_CAPTURE_AUTORELEASING = YES;
				CLANG_WARN_BOOL_CONVERSION = YES;
				CLANG_WARN_COMMA = YES;
				CLANG_WARN_CONSTANT_CONVERSION = YES;
				CLANG_WARN_DEPRECATED_OBJC_IMPLEMENTATIONS = YES;
				CLANG_WARN_DIRECT_OBJC_ISA_USAGE = YES_ERROR;
				CLANG_WARN_DOCUMENTATION_COMMENTS = YES;
				CLANG_WARN_EMPTY_BODY = YES;
				CLANG_WARN_ENUM_CONVERSION = YES;
				CLANG_WARN_INFINITE_RECURSION = YES;
				CLANG_WARN_INT_CONVERSION = YES;
				CLANG_WARN_NON_LITERAL_NULL_CONVERSION = YES;
				CLANG_WARN_OBJC_IMPLICIT_RETAIN_SELF = YES;
				CLANG_WARN_OBJC_LITERAL_CONVERSION = YES;
				CLANG_WARN_OBJC_ROOT_CLASS = YES_ERROR;
				CLANG_WARN_RANGE_LOOP_ANALYSIS = YES;
				CLANG_WARN_STRICT_PROTOTYPES = YES;
				CLANG_WARN_SUSPICIOUS_MOVE = YES;
				CLANG_WARN_UNGUARDED_AVAILABILITY = YES_AGGRESSIVE;
				CLANG_WARN_UNREACHABLE_CODE = YES;
				CLANG_WARN__DUPLICATE_METHOD_MATCH = YES;
				CODE_SIGN_IDENTITY = "iPhone Developer";
				COPY_PHASE_STRIP = NO;
				DEBUG_INFORMATION_FORMAT = dwarf;
				ENABLE_STRICT_OBJC_MSGSEND = YES;
				ENABLE_TESTABILITY = YES;
				GCC_C_LANGUAGE_STANDARD = gnu11;
				GCC_DYNAMIC_NO_PIC = NO;
				GCC_NO_COMMON_BLOCKS = YES;
				GCC_OPTIMIZATION_LEVEL = 0;
				GCC_PREPROCESSOR_DEFINITIONS = (
					"DEBUG=1",
					"$(inherited)",
				);
				GCC_WARN_64_TO_32_BIT_CONVERSION = YES;
				GCC_WARN_ABOUT_RETURN_TYPE = YES_ERROR;
				GCC_WARN_UNDECLARED_SELECTOR = YES;
				GCC_WARN_UNINITIALIZED_AUTOS = YES_AGGRESSIVE;
				GCC_WARN_UNUSED_FUNCTION = YES;
				GCC_WARN_UNUSED_VARIABLE = YES;
				IPHONEOS_DEPLOYMENT_TARGET = 12.0;
				MTL_ENABLE_DEBUG_INFO = INCLUDE_SOURCE;
				MTL_FAST_MATH = YES;
				ONLY_ACTIVE_ARCH = YES;
				SDKROOT = iphoneos;
				SWIFT_ACTIVE_COMPILATION_CONDITIONS = DEBUG;
				SWIFT_OPTIMIZATION_LEVEL = "-Onone";
			};
			name = Debug;
		};
		BECB31FF217F5952004503D1 /* Release */ = {
			isa = XCBuildConfiguration;
			buildSettings = {
				ALWAYS_SEARCH_USER_PATHS = NO;
				CLANG_ANALYZER_NONNULL = YES;
				CLANG_ANALYZER_NUMBER_OBJECT_CONVERSION = YES_AGGRESSIVE;
				CLANG_CXX_LANGUAGE_STANDARD = "gnu++14";
				CLANG_CXX_LIBRARY = "libc++";
				CLANG_ENABLE_MODULES = YES;
				CLANG_ENABLE_OBJC_ARC = YES;
				CLANG_ENABLE_OBJC_WEAK = YES;
				CLANG_WARN_BLOCK_CAPTURE_AUTORELEASING = YES;
				CLANG_WARN_BOOL_CONVERSION = YES;
				CLANG_WARN_COMMA = YES;
				CLANG_WARN_CONSTANT_CONVERSION = YES;
				CLANG_WARN_DEPRECATED_OBJC_IMPLEMENTATIONS = YES;
				CLANG_WARN_DIRECT_OBJC_ISA_USAGE = YES_ERROR;
				CLANG_WARN_DOCUMENTATION_COMMENTS = YES;
				CLANG_WARN_EMPTY_BODY = YES;
				CLANG_WARN_ENUM_CONVERSION = YES;
				CLANG_WARN_INFINITE_RECURSION = YES;
				CLANG_WARN_INT_CONVERSION = YES;
				CLANG_WARN_NON_LITERAL_NULL_CONVERSION = YES;
				CLANG_WARN_OBJC_IMPLICIT_RETAIN_SELF = YES;
				CLANG_WARN_OBJC_LITERAL_CONVERSION = YES;
				CLANG_WARN_OBJC_ROOT_CLASS = YES_ERROR;
				CLANG_WARN_RANGE_LOOP_ANALYSIS = YES;
				CLANG_WARN_STRICT_PROTOTYPES = YES;
				CLANG_WARN_SUSPICIOUS_MOVE = YES;
				CLANG_WARN_UNGUARDED_AVAILABILITY = YES_AGGRESSIVE;
				CLANG_WARN_UNREACHABLE_CODE = YES;
				CLANG_WARN__DUPLICATE_METHOD_MATCH = YES;
				CODE_SIGN_IDENTITY = "iPhone Developer";
				COPY_PHASE_STRIP = NO;
				DEBUG_INFORMATION_FORMAT = "dwarf-with-dsym";
				ENABLE_NS_ASSERTIONS = NO;
				ENABLE_STRICT_OBJC_MSGSEND = YES;
				GCC_C_LANGUAGE_STANDARD = gnu11;
				GCC_NO_COMMON_BLOCKS = YES;
				GCC_WARN_64_TO_32_BIT_CONVERSION = YES;
				GCC_WARN_ABOUT_RETURN_TYPE = YES_ERROR;
				GCC_WARN_UNDECLARED_SELECTOR = YES;
				GCC_WARN_UNINITIALIZED_AUTOS = YES_AGGRESSIVE;
				GCC_WARN_UNUSED_FUNCTION = YES;
				GCC_WARN_UNUSED_VARIABLE = YES;
				IPHONEOS_DEPLOYMENT_TARGET = 12.0;
				MTL_ENABLE_DEBUG_INFO = NO;
				MTL_FAST_MATH = YES;
				SDKROOT = iphoneos;
				SWIFT_COMPILATION_MODE = wholemodule;
				SWIFT_OPTIMIZATION_LEVEL = "-O";
				VALIDATE_PRODUCT = YES;
			};
			name = Release;
		};
		BECB3201217F5952004503D1 /* Debug */ = {
			isa = XCBuildConfiguration;
			buildSettings = {
				ASSETCATALOG_COMPILER_APPICON_NAME = AppIcon;
				CODE_SIGN_STYLE = Automatic;
				DEVELOPMENT_TEAM = 2H7VRZNBB2;
				INFOPLIST_FILE = SCJ/Info.plist;
				LD_RUNPATH_SEARCH_PATHS = (
					"$(inherited)",
					"@executable_path/Frameworks",
				);
				PRODUCT_BUNDLE_IDENTIFIER = SonTB.SCJ;
				PRODUCT_NAME = "$(TARGET_NAME)";
				SWIFT_VERSION = 4.2;
				TARGETED_DEVICE_FAMILY = "1,2";
			};
			name = Debug;
		};
		BECB3202217F5952004503D1 /* Release */ = {
			isa = XCBuildConfiguration;
			buildSettings = {
				ASSETCATALOG_COMPILER_APPICON_NAME = AppIcon;
				CODE_SIGN_STYLE = Automatic;
				DEVELOPMENT_TEAM = 2H7VRZNBB2;
				INFOPLIST_FILE = SCJ/Info.plist;
				LD_RUNPATH_SEARCH_PATHS = (
					"$(inherited)",
					"@executable_path/Frameworks",
				);
				PRODUCT_BUNDLE_IDENTIFIER = SonTB.SCJ;
				PRODUCT_NAME = "$(TARGET_NAME)";
				SWIFT_VERSION = 4.2;
				TARGETED_DEVICE_FAMILY = "1,2";
			};
			name = Release;
		};
/* End XCBuildConfiguration section */

/* Begin XCConfigurationList section */
		BECB31E6217F594F004503D1 /* Build configuration list for PBXProject "SCJ" */ = {
			isa = XCConfigurationList;
			buildConfigurations = (
				BECB31FE217F5952004503D1 /* Debug */,
				BECB31FF217F5952004503D1 /* Release */,
			);
			defaultConfigurationIsVisible = 0;
			defaultConfigurationName = Release;
		};
		BECB3200217F5952004503D1 /* Build configuration list for PBXNativeTarget "SCJ" */ = {
			isa = XCConfigurationList;
			buildConfigurations = (
				BECB3201217F5952004503D1 /* Debug */,
				BECB3202217F5952004503D1 /* Release */,
			);
			defaultConfigurationIsVisible = 0;
			defaultConfigurationName = Release;
		};
/* End XCConfigurationList section */

/* Begin XCVersionGroup section */
		BECB31F5217F594F004503D1 /* SCJ.xcdatamodeld */ = {
			isa = XCVersionGroup;
			children = (
				BECB31F6217F594F004503D1 /* SCJ.xcdatamodel */,
			);
			currentVersion = BECB31F6217F594F004503D1 /* SCJ.xcdatamodel */;
			path = SCJ.xcdatamodeld;
			sourceTree = "<group>";
			versionGroupType = wrapper.xcdatamodel;
		};
/* End XCVersionGroup section */
	};
	rootObject = BECB31E3217F594F004503D1 /* Project object */;
}
